
Microsoft Visual Studio Solution File, Format Version 12.00
# Visual Studio 14
VisualStudioVersion = 14.0.24720.0
MinimumVisualStudioVersion = 10.0.40219.1
Project("{FAE04EC0-301F-11D3-BF4B-00C04F79EFBC}") = "RezaB.Scheduling", "RezaB.Scheduling\RezaB.Scheduling.csproj", "{C1602FA8-7E30-423A-A7BB-BC8A25A715A9}"
EndProject
Project("{FAE04EC0-301F-11D3-BF4B-00C04F79EFBC}") = "RezaB.Scheduling.TestUnit", "RezaB.Scheduling.TestUnit\RezaB.Scheduling.TestUnit.csproj", "{1EAFF15B-51C2-475F-8644-2E9AA4DD78B9}"
EndProject
Global
	GlobalSection(SolutionConfigurationPlatforms) = preSolution
		Debug|Any CPU = Debug|Any CPU
		Release|Any CPU = Release|Any CPU
	EndGlobalSection
	GlobalSection(ProjectConfigurationPlatforms) = postSolution
		{C1602FA8-7E30-423A-A7BB-BC8A25A715A9}.Debug|Any CPU.ActiveCfg = Debug|Any CPU
		{C1602FA8-7E30-423A-A7BB-BC8A25A715A9}.Debug|Any CPU.Build.0 = Debug|Any CPU
		{C1602FA8-7E30-423A-A7BB-BC8A25A715A9}.Release|Any CPU.ActiveCfg = Release|Any CPU
		{C1602FA8-7E30-423A-A7BB-BC8A25A715A9}.Release|Any CPU.Build.0 = Release|Any CPU
		{1EAFF15B-51C2-475F-8644-2E9AA4DD78B9}.Debug|Any CPU.ActiveCfg = Debug|Any CPU
		{1EAFF15B-51C2-475F-8644-2E9AA4DD78B9}.Debug|Any CPU.Build.0 = Debug|Any CPU
		{1EAFF15B-51C2-475F-8644-2E9AA4DD78B9}.Release|Any CPU.ActiveCfg = Release|Any CPU
		{1EAFF15B-51C2-475F-8644-2E9AA4DD78B9}.Release|Any CPU.Build.0 = Release|Any CPU
	EndGlobalSection
	GlobalSection(SolutionProperties) = preSolution
		HideSolutionNode = FALSE
	EndGlobalSection
EndGlobal
